
Microsoft Visual Studio Solution File, Format Version 12.00
# Visual Studio 15
VisualStudioVersion = 15.0.28010.2050
MinimumVisualStudioVersion = 10.0.40219.1
Project("{FAE04EC0-301F-11D3-BF4B-00C04F79EFBC}") = "Wpf_writefile", "Wpf_writefile\Wpf_writefile.csproj", "{26FBADA0-F828-470D-AFED-2894E0BC955A}"
EndProject
Global
	GlobalSection(SolutionConfigurationPlatforms) = preSolution
		Debug|Any CPU = Debug|Any CPU
		Release|Any CPU = Release|Any CPU
	EndGlobalSection
	GlobalSection(ProjectConfigurationPlatforms) = postSolution
		{26FBADA0-F828-470D-AFED-2894E0BC955A}.Debug|Any CPU.ActiveCfg = Debug|Any CPU
		{26FBADA0-F828-470D-AFED-2894E0BC955A}.Debug|Any CPU.Build.0 = Debug|Any CPU
		{26FBADA0-F828-470D-AFED-2894E0BC955A}.Release|Any CPU.ActiveCfg = Release|Any CPU
		{26FBADA0-F828-470D-AFED-2894E0BC955A}.Release|Any CPU.Build.0 = Release|Any CPU
	EndGlobalSection
	GlobalSection(SolutionProperties) = preSolution
		HideSolutionNode = FALSE
	EndGlobalSection
	GlobalSection(ExtensibilityGlobals) = postSolution
		SolutionGuid = {F5F4E61A-DA9C-4DAA-9BEC-4DBCF85C32FD}
	EndGlobalSection
EndGlobal
